// !$*UTF8*$!
{
	archiveVersion = 1;
	classes = {
	};
	objectVersion = 50;
	objects = {

/* Begin PBXBuildFile section */
		5C19F3322436587300234B0F /* TestCoordinator.swift in Sources */ = {isa = PBXBuildFile; fileRef = 5C19F3312436587300234B0F /* TestCoordinator.swift */; };
		5C19F33424365ACB00234B0F /* TestViewController.swift in Sources */ = {isa = PBXBuildFile; fileRef = 5C19F33324365ACB00234B0F /* TestViewController.swift */; };
		5C19F33724365CEA00234B0F /* TestDetailCoordinator.swift in Sources */ = {isa = PBXBuildFile; fileRef = 5C19F33624365CEA00234B0F /* TestDetailCoordinator.swift */; };
		5C19F33924365D5A00234B0F /* TestDetailViewController.swift in Sources */ = {isa = PBXBuildFile; fileRef = 5C19F33824365D5A00234B0F /* TestDetailViewController.swift */; };
		5C19F33E24366A2400234B0F /* FavoritesCoordinator.swift in Sources */ = {isa = PBXBuildFile; fileRef = 5C19F33D24366A2400234B0F /* FavoritesCoordinator.swift */; };
		5C19F34024366B4200234B0F /* FavoritesTableView.swift in Sources */ = {isa = PBXBuildFile; fileRef = 5C19F33F24366B4200234B0F /* FavoritesTableView.swift */; };
		5C19F34324366D2700234B0F /* FavoritesItem.swift in Sources */ = {isa = PBXBuildFile; fileRef = 5C19F34224366D2700234B0F /* FavoritesItem.swift */; };
		5C19F3452436821600234B0F /* FavoritesDetailCoordinator.swift in Sources */ = {isa = PBXBuildFile; fileRef = 5C19F3442436821600234B0F /* FavoritesDetailCoordinator.swift */; };
		5C19F347243682CB00234B0F /* FavoritesDetailViewController.swift in Sources */ = {isa = PBXBuildFile; fileRef = 5C19F346243682CB00234B0F /* FavoritesDetailViewController.swift */; };
		5C4833422437A2F800549ACF /* LearnCoordinator.swift in Sources */ = {isa = PBXBuildFile; fileRef = 5C4833412437A2F800549ACF /* LearnCoordinator.swift */; };
		5C4833442437A3AC00549ACF /* LearnViewController.swift in Sources */ = {isa = PBXBuildFile; fileRef = 5C4833432437A3AC00549ACF /* LearnViewController.swift */; };
		5C4833472437A87400549ACF /* LearnItem.swift in Sources */ = {isa = PBXBuildFile; fileRef = 5C4833462437A87400549ACF /* LearnItem.swift */; };
		5C48334A2437AF8800549ACF /* LearnDetailCoordinator.swift in Sources */ = {isa = PBXBuildFile; fileRef = 5C4833492437AF8800549ACF /* LearnDetailCoordinator.swift */; };
		5C48334C2437B02800549ACF /* LearnDetailViewController.swift in Sources */ = {isa = PBXBuildFile; fileRef = 5C48334B2437B02800549ACF /* LearnDetailViewController.swift */; };
		5C65E2AA243628A000661129 /* StartCoordinator.swift in Sources */ = {isa = PBXBuildFile; fileRef = 5C65E2A9243628A000661129 /* StartCoordinator.swift */; };
		5C65E2AD2436295100661129 /* StartViewController.swift in Sources */ = {isa = PBXBuildFile; fileRef = 5C65E2AC2436295100661129 /* StartViewController.swift */; };
		5C65E2B024362E4900661129 /* TabBarCoordinator.swift in Sources */ = {isa = PBXBuildFile; fileRef = 5C65E2AF24362E4900661129 /* TabBarCoordinator.swift */; };
		5C65E2B224362FA300661129 /* TabBarController.swift in Sources */ = {isa = PBXBuildFile; fileRef = 5C65E2B124362FA300661129 /* TabBarController.swift */; };
		5CA797E32435073C0016CFFB /* AppDelegate.swift in Sources */ = {isa = PBXBuildFile; fileRef = 5CA797E22435073C0016CFFB /* AppDelegate.swift */; };
		5CA797E52435073C0016CFFB /* SceneDelegate.swift in Sources */ = {isa = PBXBuildFile; fileRef = 5CA797E42435073C0016CFFB /* SceneDelegate.swift */; };
		5CA797EC2435073D0016CFFB /* Assets.xcassets in Resources */ = {isa = PBXBuildFile; fileRef = 5CA797EB2435073D0016CFFB /* Assets.xcassets */; };
		5CA797EF2435073D0016CFFB /* LaunchScreen.storyboard in Resources */ = {isa = PBXBuildFile; fileRef = 5CA797ED2435073D0016CFFB /* LaunchScreen.storyboard */; };
		5CA797FA243508230016CFFB /* Coordinator.swift in Sources */ = {isa = PBXBuildFile; fileRef = 5CA797F9243508230016CFFB /* Coordinator.swift */; };
		5CA797FC243508D30016CFFB /* AppCoordinator.swift in Sources */ = {isa = PBXBuildFile; fileRef = 5CA797FB243508D30016CFFB /* AppCoordinator.swift */; };
/* End PBXBuildFile section */

/* Begin PBXFileReference section */
		5C19F3312436587300234B0F /* TestCoordinator.swift */ = {isa = PBXFileReference; lastKnownFileType = sourcecode.swift; path = TestCoordinator.swift; sourceTree = "<group>"; };
		5C19F33324365ACB00234B0F /* TestViewController.swift */ = {isa = PBXFileReference; lastKnownFileType = sourcecode.swift; path = TestViewController.swift; sourceTree = "<group>"; };
		5C19F33624365CEA00234B0F /* TestDetailCoordinator.swift */ = {isa = PBXFileReference; lastKnownFileType = sourcecode.swift; path = TestDetailCoordinator.swift; sourceTree = "<group>"; };
		5C19F33824365D5A00234B0F /* TestDetailViewController.swift */ = {isa = PBXFileReference; lastKnownFileType = sourcecode.swift; path = TestDetailViewController.swift; sourceTree = "<group>"; };
		5C19F33D24366A2400234B0F /* FavoritesCoordinator.swift */ = {isa = PBXFileReference; lastKnownFileType = sourcecode.swift; path = FavoritesCoordinator.swift; sourceTree = "<group>"; };
		5C19F33F24366B4200234B0F /* FavoritesTableView.swift */ = {isa = PBXFileReference; lastKnownFileType = sourcecode.swift; path = FavoritesTableView.swift; sourceTree = "<group>"; };
		5C19F34224366D2700234B0F /* FavoritesItem.swift */ = {isa = PBXFileReference; lastKnownFileType = sourcecode.swift; path = FavoritesItem.swift; sourceTree = "<group>"; };
		5C19F3442436821600234B0F /* FavoritesDetailCoordinator.swift */ = {isa = PBXFileReference; lastKnownFileType = sourcecode.swift; path = FavoritesDetailCoordinator.swift; sourceTree = "<group>"; };
		5C19F346243682CB00234B0F /* FavoritesDetailViewController.swift */ = {isa = PBXFileReference; lastKnownFileType = sourcecode.swift; path = FavoritesDetailViewController.swift; sourceTree = "<group>"; };
		5C4833412437A2F800549ACF /* LearnCoordinator.swift */ = {isa = PBXFileReference; lastKnownFileType = sourcecode.swift; path = LearnCoordinator.swift; sourceTree = "<group>"; };
		5C4833432437A3AC00549ACF /* LearnViewController.swift */ = {isa = PBXFileReference; lastKnownFileType = sourcecode.swift; path = LearnViewController.swift; sourceTree = "<group>"; };
		5C4833462437A87400549ACF /* LearnItem.swift */ = {isa = PBXFileReference; lastKnownFileType = sourcecode.swift; path = LearnItem.swift; sourceTree = "<group>"; };
		5C4833492437AF8800549ACF /* LearnDetailCoordinator.swift */ = {isa = PBXFileReference; lastKnownFileType = sourcecode.swift; path = LearnDetailCoordinator.swift; sourceTree = "<group>"; };
		5C48334B2437B02800549ACF /* LearnDetailViewController.swift */ = {isa = PBXFileReference; lastKnownFileType = sourcecode.swift; path = LearnDetailViewController.swift; sourceTree = "<group>"; };
		5C65E2A9243628A000661129 /* StartCoordinator.swift */ = {isa = PBXFileReference; lastKnownFileType = sourcecode.swift; path = StartCoordinator.swift; sourceTree = "<group>"; };
		5C65E2AC2436295100661129 /* StartViewController.swift */ = {isa = PBXFileReference; lastKnownFileType = sourcecode.swift; path = StartViewController.swift; sourceTree = "<group>"; };
		5C65E2AF24362E4900661129 /* TabBarCoordinator.swift */ = {isa = PBXFileReference; lastKnownFileType = sourcecode.swift; path = TabBarCoordinator.swift; sourceTree = "<group>"; };
		5C65E2B124362FA300661129 /* TabBarController.swift */ = {isa = PBXFileReference; lastKnownFileType = sourcecode.swift; path = TabBarController.swift; sourceTree = "<group>"; };
		5CA797DF2435073C0016CFFB /* CoordinatorPatternSwift5.app */ = {isa = PBXFileReference; explicitFileType = wrapper.application; includeInIndex = 0; path = CoordinatorPatternSwift5.app; sourceTree = BUILT_PRODUCTS_DIR; };
		5CA797E22435073C0016CFFB /* AppDelegate.swift */ = {isa = PBXFileReference; lastKnownFileType = sourcecode.swift; path = AppDelegate.swift; sourceTree = "<group>"; };
		5CA797E42435073C0016CFFB /* SceneDelegate.swift */ = {isa = PBXFileReference; lastKnownFileType = sourcecode.swift; path = SceneDelegate.swift; sourceTree = "<group>"; };
		5CA797EB2435073D0016CFFB /* Assets.xcassets */ = {isa = PBXFileReference; lastKnownFileType = folder.assetcatalog; path = Assets.xcassets; sourceTree = "<group>"; };
		5CA797EE2435073D0016CFFB /* Base */ = {isa = PBXFileReference; lastKnownFileType = file.storyboard; name = Base; path = Base.lproj/LaunchScreen.storyboard; sourceTree = "<group>"; };
		5CA797F02435073D0016CFFB /* Info.plist */ = {isa = PBXFileReference; lastKnownFileType = text.plist.xml; path = Info.plist; sourceTree = "<group>"; };
		5CA797F9243508230016CFFB /* Coordinator.swift */ = {isa = PBXFileReference; lastKnownFileType = sourcecode.swift; path = Coordinator.swift; sourceTree = "<group>"; };
		5CA797FB243508D30016CFFB /* AppCoordinator.swift */ = {isa = PBXFileReference; lastKnownFileType = sourcecode.swift; path = AppCoordinator.swift; sourceTree = "<group>"; };
/* End PBXFileReference section */

/* Begin PBXFrameworksBuildPhase section */
		5CA797DC2435073C0016CFFB /* Frameworks */ = {
			isa = PBXFrameworksBuildPhase;
			buildActionMask = 2147483647;
			files = (
			);
			runOnlyForDeploymentPostprocessing = 0;
		};
/* End PBXFrameworksBuildPhase section */

/* Begin PBXGroup section */
		5C19F330243657FC00234B0F /* Test */ = {
			isa = PBXGroup;
			children = (
				5C19F3312436587300234B0F /* TestCoordinator.swift */,
				5C19F33324365ACB00234B0F /* TestViewController.swift */,
			);
			path = Test;
			sourceTree = "<group>";
		};
		5C19F33524365CBF00234B0F /* Test Detail */ = {
			isa = PBXGroup;
			children = (
				5C19F33624365CEA00234B0F /* TestDetailCoordinator.swift */,
				5C19F33824365D5A00234B0F /* TestDetailViewController.swift */,
			);
			path = "Test Detail";
			sourceTree = "<group>";
		};
		5C19F33A243666AD00234B0F /* Favoritos */ = {
			isa = PBXGroup;
			children = (
				5C19F33D24366A2400234B0F /* FavoritesCoordinator.swift */,
				5C19F33F24366B4200234B0F /* FavoritesTableView.swift */,
				5C19F34224366D2700234B0F /* FavoritesItem.swift */,
			);
			path = Favoritos;
			sourceTree = "<group>";
		};
		5C19F33B243666AE00234B0F /* More */ = {
			isa = PBXGroup;
			children = (
			);
			path = More;
			sourceTree = "<group>";
		};
		5C19F33C243666C700234B0F /* Learn */ = {
			isa = PBXGroup;
			children = (
				5C4833412437A2F800549ACF /* LearnCoordinator.swift */,
				5C4833432437A3AC00549ACF /* LearnViewController.swift */,
				5C4833462437A87400549ACF /* LearnItem.swift */,
			);
			path = Learn;
			sourceTree = "<group>";
		};
		5C19F34124366C6000234B0F /* Favorites Detail */ = {
			isa = PBXGroup;
			children = (
				5C19F3442436821600234B0F /* FavoritesDetailCoordinator.swift */,
				5C19F346243682CB00234B0F /* FavoritesDetailViewController.swift */,
			);
			path = "Favorites Detail";
			sourceTree = "<group>";
		};
		5C4833452437A80000549ACF /* Trash */ = {
			isa = PBXGroup;
			children = (
			);
			path = Trash;
			sourceTree = "<group>";
		};
		5C4833482437AC5100549ACF /* Learn Detail */ = {
			isa = PBXGroup;
			children = (
				5C4833492437AF8800549ACF /* LearnDetailCoordinator.swift */,
				5C48334B2437B02800549ACF /* LearnDetailViewController.swift */,
			);
			path = "Learn Detail";
			sourceTree = "<group>";
		};
		5C65E2A82436288E00661129 /* Views */ = {
			isa = PBXGroup;
			children = (
				5C65E2AB2436294100661129 /* Start */,
				5C65E2AE24362DBB00661129 /* Tab Bar */,
				5C19F330243657FC00234B0F /* Test */,
				5C19F33524365CBF00234B0F /* Test Detail */,
				5C19F33A243666AD00234B0F /* Favoritos */,
				5C19F34124366C6000234B0F /* Favorites Detail */,
				5C19F33C243666C700234B0F /* Learn */,
				5C4833482437AC5100549ACF /* Learn Detail */,
				5C4833452437A80000549ACF /* Trash */,
				5C19F33B243666AE00234B0F /* More */,
			);
			path = Views;
			sourceTree = "<group>";
		};
		5C65E2AB2436294100661129 /* Start */ = {
			isa = PBXGroup;
			children = (
				5C65E2A9243628A000661129 /* StartCoordinator.swift */,
				5C65E2AC2436295100661129 /* StartViewController.swift */,
			);
			path = Start;
			sourceTree = "<group>";
		};
		5C65E2AE24362DBB00661129 /* Tab Bar */ = {
			isa = PBXGroup;
			children = (
				5C65E2AF24362E4900661129 /* TabBarCoordinator.swift */,
				5C65E2B124362FA300661129 /* TabBarController.swift */,
			);
			path = "Tab Bar";
			sourceTree = "<group>";
		};
		5CA797D62435073C0016CFFB = {
			isa = PBXGroup;
			children = (
				5CA797E12435073C0016CFFB /* CoordinatorPatternSwift5 */,
				5CA797E02435073C0016CFFB /* Products */,
			);
			sourceTree = "<group>";
		};
		5CA797E02435073C0016CFFB /* Products */ = {
			isa = PBXGroup;
			children = (
				5CA797DF2435073C0016CFFB /* CoordinatorPatternSwift5.app */,
			);
			name = Products;
			sourceTree = "<group>";
		};
		5CA797E12435073C0016CFFB /* CoordinatorPatternSwift5 */ = {
			isa = PBXGroup;
			children = (
				5CA797EB2435073D0016CFFB /* Assets.xcassets */,
				5CA797F02435073D0016CFFB /* Info.plist */,
				5CA797F8243507500016CFFB /* Delegates */,
				5CA797F72435074C0016CFFB /* Coordinator */,
				5CA797F62435074A0016CFFB /* Storyboard */,
				5C65E2A82436288E00661129 /* Views */,
			);
			path = CoordinatorPatternSwift5;
			sourceTree = "<group>";
		};
		5CA797F62435074A0016CFFB /* Storyboard */ = {
			isa = PBXGroup;
			children = (
				5CA797ED2435073D0016CFFB /* LaunchScreen.storyboard */,
			);
			path = Storyboard;
			sourceTree = "<group>";
		};
		5CA797F72435074C0016CFFB /* Coordinator */ = {
			isa = PBXGroup;
			children = (
				5CA797F9243508230016CFFB /* Coordinator.swift */,
			);
			path = Coordinator;
			sourceTree = "<group>";
		};
		5CA797F8243507500016CFFB /* Delegates */ = {
			isa = PBXGroup;
			children = (
				5CA797E22435073C0016CFFB /* AppDelegate.swift */,
				5CA797E42435073C0016CFFB /* SceneDelegate.swift */,
				5CA797FB243508D30016CFFB /* AppCoordinator.swift */,
			);
			path = Delegates;
			sourceTree = "<group>";
		};
/* End PBXGroup section */

/* Begin PBXNativeTarget section */
		5CA797DE2435073C0016CFFB /* CoordinatorPatternSwift5 */ = {
			isa = PBXNativeTarget;
			buildConfigurationList = 5CA797F32435073D0016CFFB /* Build configuration list for PBXNativeTarget "CoordinatorPatternSwift5" */;
			buildPhases = (
				5CA797DB2435073C0016CFFB /* Sources */,
				5CA797DC2435073C0016CFFB /* Frameworks */,
				5CA797DD2435073C0016CFFB /* Resources */,
			);
			buildRules = (
			);
			dependencies = (
			);
			name = CoordinatorPatternSwift5;
			productName = CoordinatorPatternSwift5;
			productReference = 5CA797DF2435073C0016CFFB /* CoordinatorPatternSwift5.app */;
			productType = "com.apple.product-type.application";
		};
/* End PBXNativeTarget section */

/* Begin PBXProject section */
		5CA797D72435073C0016CFFB /* Project object */ = {
			isa = PBXProject;
			attributes = {
				LastSwiftUpdateCheck = 1120;
				LastUpgradeCheck = 1120;
				ORGANIZATIONNAME = "Daniel Gx";
				TargetAttributes = {
					5CA797DE2435073C0016CFFB = {
						CreatedOnToolsVersion = 11.2.1;
					};
				};
			};
			buildConfigurationList = 5CA797DA2435073C0016CFFB /* Build configuration list for PBXProject "CoordinatorPatternSwift5" */;
			compatibilityVersion = "Xcode 9.3";
			developmentRegion = en;
			hasScannedForEncodings = 0;
			knownRegions = (
				en,
				Base,
			);
			mainGroup = 5CA797D62435073C0016CFFB;
			productRefGroup = 5CA797E02435073C0016CFFB /* Products */;
			projectDirPath = "";
			projectRoot = "";
			targets = (
				5CA797DE2435073C0016CFFB /* CoordinatorPatternSwift5 */,
			);
		};
/* End PBXProject section */

/* Begin PBXResourcesBuildPhase section */
		5CA797DD2435073C0016CFFB /* Resources */ = {
			isa = PBXResourcesBuildPhase;
			buildActionMask = 2147483647;
			files = (
				5CA797EF2435073D0016CFFB /* LaunchScreen.storyboard in Resources */,
				5CA797EC2435073D0016CFFB /* Assets.xcassets in Resources */,
			);
			runOnlyForDeploymentPostprocessing = 0;
		};
/* End PBXResourcesBuildPhase section */

/* Begin PBXSourcesBuildPhase section */
		5CA797DB2435073C0016CFFB /* Sources */ = {
			isa = PBXSourcesBuildPhase;
			buildActionMask = 2147483647;
			files = (
				5C19F33424365ACB00234B0F /* TestViewController.swift in Sources */,
				5CA797FA243508230016CFFB /* Coordinator.swift in Sources */,
				5C19F34024366B4200234B0F /* FavoritesTableView.swift in Sources */,
				5C4833472437A87400549ACF /* LearnItem.swift in Sources */,
				5C19F3322436587300234B0F /* TestCoordinator.swift in Sources */,
				5C65E2B224362FA300661129 /* TabBarController.swift in Sources */,
				5C48334C2437B02800549ACF /* LearnDetailViewController.swift in Sources */,
				5CA797FC243508D30016CFFB /* AppCoordinator.swift in Sources */,
				5C19F33724365CEA00234B0F /* TestDetailCoordinator.swift in Sources */,
				5C4833442437A3AC00549ACF /* LearnViewController.swift in Sources */,
				5C19F33E24366A2400234B0F /* FavoritesCoordinator.swift in Sources */,
				5C19F347243682CB00234B0F /* FavoritesDetailViewController.swift in Sources */,
				5C65E2AA243628A000661129 /* StartCoordinator.swift in Sources */,
				5C65E2B024362E4900661129 /* TabBarCoordinator.swift in Sources */,
				5C19F3452436821600234B0F /* FavoritesDetailCoordinator.swift in Sources */,
				5CA797E32435073C0016CFFB /* AppDelegate.swift in Sources */,
				5C48334A2437AF8800549ACF /* LearnDetailCoordinator.swift in Sources */,
				5CA797E52435073C0016CFFB /* SceneDelegate.swift in Sources */,
				5C65E2AD2436295100661129 /* StartViewController.swift in Sources */,
				5C4833422437A2F800549ACF /* LearnCoordinator.swift in Sources */,
				5C19F33924365D5A00234B0F /* TestDetailViewController.swift in Sources */,
				5C19F34324366D2700234B0F /* FavoritesItem.swift in Sources */,
			);
			runOnlyForDeploymentPostprocessing = 0;
		};
/* End PBXSourcesBuildPhase section */

/* Begin PBXVariantGroup section */
		5CA797ED2435073D0016CFFB /* LaunchScreen.storyboard */ = {
			isa = PBXVariantGroup;
			children = (
				5CA797EE2435073D0016CFFB /* Base */,
			);
			name = LaunchScreen.storyboard;
			sourceTree = "<group>";
		};
/* End PBXVariantGroup section */

/* Begin XCBuildConfiguration section */
		5CA797F12435073D0016CFFB /* Debug */ = {
			isa = XCBuildConfiguration;
			buildSettings = {
				ALWAYS_SEARCH_USER_PATHS = NO;
				CLANG_ANALYZER_NONNULL = YES;
				CLANG_ANALYZER_NUMBER_OBJECT_CONVERSION = YES_AGGRESSIVE;
				CLANG_CXX_LANGUAGE_STANDARD = "gnu++14";
				CLANG_CXX_LIBRARY = "libc++";
				CLANG_ENABLE_MODULES = YES;
				CLANG_ENABLE_OBJC_ARC = YES;
				CLANG_ENABLE_OBJC_WEAK = YES;
				CLANG_WARN_BLOCK_CAPTURE_AUTORELEASING = YES;
				CLANG_WARN_BOOL_CONVERSION = YES;
				CLANG_WARN_COMMA = YES;
				CLANG_WARN_CONSTANT_CONVERSION = YES;
				CLANG_WARN_DEPRECATED_OBJC_IMPLEMENTATIONS = YES;
				CLANG_WARN_DIRECT_OBJC_ISA_USAGE = YES_ERROR;
				CLANG_WARN_DOCUMENTATION_COMMENTS = YES;
				CLANG_WARN_EMPTY_BODY = YES;
				CLANG_WARN_ENUM_CONVERSION = YES;
				CLANG_WARN_INFINITE_RECURSION = YES;
				CLANG_WARN_INT_CONVERSION = YES;
				CLANG_WARN_NON_LITERAL_NULL_CONVERSION = YES;
				CLANG_WARN_OBJC_IMPLICIT_RETAIN_SELF = YES;
				CLANG_WARN_OBJC_LITERAL_CONVERSION = YES;
				CLANG_WARN_OBJC_ROOT_CLASS = YES_ERROR;
				CLANG_WARN_RANGE_LOOP_ANALYSIS = YES;
				CLANG_WARN_STRICT_PROTOTYPES = YES;
				CLANG_WARN_SUSPICIOUS_MOVE = YES;
				CLANG_WARN_UNGUARDED_AVAILABILITY = YES_AGGRESSIVE;
				CLANG_WARN_UNREACHABLE_CODE = YES;
				CLANG_WARN__DUPLICATE_METHOD_MATCH = YES;
				COPY_PHASE_STRIP = NO;
				DEBUG_INFORMATION_FORMAT = dwarf;
				ENABLE_STRICT_OBJC_MSGSEND = YES;
				ENABLE_TESTABILITY = YES;
				GCC_C_LANGUAGE_STANDARD = gnu11;
				GCC_DYNAMIC_NO_PIC = NO;
				GCC_NO_COMMON_BLOCKS = YES;
				GCC_OPTIMIZATION_LEVEL = 0;
				GCC_PREPROCESSOR_DEFINITIONS = (
					"DEBUG=1",
					"$(inherited)",
				);
				GCC_WARN_64_TO_32_BIT_CONVERSION = YES;
				GCC_WARN_ABOUT_RETURN_TYPE = YES_ERROR;
				GCC_WARN_UNDECLARED_SELECTOR = YES;
				GCC_WARN_UNINITIALIZED_AUTOS = YES_AGGRESSIVE;
				GCC_WARN_UNUSED_FUNCTION = YES;
				GCC_WARN_UNUSED_VARIABLE = YES;
				IPHONEOS_DEPLOYMENT_TARGET = 13.2;
				MTL_ENABLE_DEBUG_INFO = INCLUDE_SOURCE;
				MTL_FAST_MATH = YES;
				ONLY_ACTIVE_ARCH = YES;
				SDKROOT = iphoneos;
				SWIFT_ACTIVE_COMPILATION_CONDITIONS = DEBUG;
				SWIFT_OPTIMIZATION_LEVEL = "-Onone";
			};
			name = Debug;
		};
		5CA797F22435073D0016CFFB /* Release */ = {
			isa = XCBuildConfiguration;
			buildSettings = {
				ALWAYS_SEARCH_USER_PATHS = NO;
				CLANG_ANALYZER_NONNULL = YES;
				CLANG_ANALYZER_NUMBER_OBJECT_CONVERSION = YES_AGGRESSIVE;
				CLANG_CXX_LANGUAGE_STANDARD = "gnu++14";
				CLANG_CXX_LIBRARY = "libc++";
				CLANG_ENABLE_MODULES = YES;
				CLANG_ENABLE_OBJC_ARC = YES;
				CLANG_ENABLE_OBJC_WEAK = YES;
				CLANG_WARN_BLOCK_CAPTURE_AUTORELEASING = YES;
				CLANG_WARN_BOOL_CONVERSION = YES;
				CLANG_WARN_COMMA = YES;
				CLANG_WARN_CONSTANT_CONVERSION = YES;
				CLANG_WARN_DEPRECATED_OBJC_IMPLEMENTATIONS = YES;
				CLANG_WARN_DIRECT_OBJC_ISA_USAGE = YES_ERROR;
				CLANG_WARN_DOCUMENTATION_COMMENTS = YES;
				CLANG_WARN_EMPTY_BODY = YES;
				CLANG_WARN_ENUM_CONVERSION = YES;
				CLANG_WARN_INFINITE_RECURSION = YES;
				CLANG_WARN_INT_CONVERSION = YES;
				CLANG_WARN_NON_LITERAL_NULL_CONVERSION = YES;
				CLANG_WARN_OBJC_IMPLICIT_RETAIN_SELF = YES;
				CLANG_WARN_OBJC_LITERAL_CONVERSION = YES;
				CLANG_WARN_OBJC_ROOT_CLASS = YES_ERROR;
				CLANG_WARN_RANGE_LOOP_ANALYSIS = YES;
				CLANG_WARN_STRICT_PROTOTYPES = YES;
				CLANG_WARN_SUSPICIOUS_MOVE = YES;
				CLANG_WARN_UNGUARDED_AVAILABILITY = YES_AGGRESSIVE;
				CLANG_WARN_UNREACHABLE_CODE = YES;
				CLANG_WARN__DUPLICATE_METHOD_MATCH = YES;
				COPY_PHASE_STRIP = NO;
				DEBUG_INFORMATION_FORMAT = "dwarf-with-dsym";
				ENABLE_NS_ASSERTIONS = NO;
				ENABLE_STRICT_OBJC_MSGSEND = YES;
				GCC_C_LANGUAGE_STANDARD = gnu11;
				GCC_NO_COMMON_BLOCKS = YES;
				GCC_WARN_64_TO_32_BIT_CONVERSION = YES;
				GCC_WARN_ABOUT_RETURN_TYPE = YES_ERROR;
				GCC_WARN_UNDECLARED_SELECTOR = YES;
				GCC_WARN_UNINITIALIZED_AUTOS = YES_AGGRESSIVE;
				GCC_WARN_UNUSED_FUNCTION = YES;
				GCC_WARN_UNUSED_VARIABLE = YES;
				IPHONEOS_DEPLOYMENT_TARGET = 13.2;
				MTL_ENABLE_DEBUG_INFO = NO;
				MTL_FAST_MATH = YES;
				SDKROOT = iphoneos;
				SWIFT_COMPILATION_MODE = wholemodule;
				SWIFT_OPTIMIZATION_LEVEL = "-O";
				VALIDATE_PRODUCT = YES;
			};
			name = Release;
		};
		5CA797F42435073D0016CFFB /* Debug */ = {
			isa = XCBuildConfiguration;
			buildSettings = {
				ASSETCATALOG_COMPILER_APPICON_NAME = AppIcon;
				CODE_SIGN_STYLE = Automatic;
				INFOPLIST_FILE = CoordinatorPatternSwift5/Info.plist;
				LD_RUNPATH_SEARCH_PATHS = (
					"$(inherited)",
					"@executable_path/Frameworks",
				);
				PRODUCT_BUNDLE_IDENTIFIER = com.danielgx.CoordinatorPatternSwift5;
				PRODUCT_NAME = "$(TARGET_NAME)";
				SWIFT_VERSION = 5.0;
				TARGETED_DEVICE_FAMILY = "1,2";
			};
			name = Debug;
		};
		5CA797F52435073D0016CFFB /* Release */ = {
			isa = XCBuildConfiguration;
			buildSettings = {
				ASSETCATALOG_COMPILER_APPICON_NAME = AppIcon;
				CODE_SIGN_STYLE = Automatic;
				INFOPLIST_FILE = CoordinatorPatternSwift5/Info.plist;
				LD_RUNPATH_SEARCH_PATHS = (
					"$(inherited)",
					"@executable_path/Frameworks",
				);
				PRODUCT_BUNDLE_IDENTIFIER = com.danielgx.CoordinatorPatternSwift5;
				PRODUCT_NAME = "$(TARGET_NAME)";
				SWIFT_VERSION = 5.0;
				TARGETED_DEVICE_FAMILY = "1,2";
			};
			name = Release;
		};
/* End XCBuildConfiguration section */

/* Begin XCConfigurationList section */
		5CA797DA2435073C0016CFFB /* Build configuration list for PBXProject "CoordinatorPatternSwift5" */ = {
			isa = XCConfigurationList;
			buildConfigurations = (
				5CA797F12435073D0016CFFB /* Debug */,
				5CA797F22435073D0016CFFB /* Release */,
			);
			defaultConfigurationIsVisible = 0;
			defaultConfigurationName = Release;
		};
		5CA797F32435073D0016CFFB /* Build configuration list for PBXNativeTarget "CoordinatorPatternSwift5" */ = {
			isa = XCConfigurationList;
			buildConfigurations = (
				5CA797F42435073D0016CFFB /* Debug */,
				5CA797F52435073D0016CFFB /* Release */,
			);
			defaultConfigurationIsVisible = 0;
			defaultConfigurationName = Release;
		};
/* End XCConfigurationList section */
	};
	rootObject = 5CA797D72435073C0016CFFB /* Project object */;
}
